
Microsoft Visual Studio Solution File, Format Version 12.00
# Visual Studio 2012
Project("{FAE04EC0-301F-11D3-BF4B-00C04F79EFBC}") = "Locutus", "Locutus\Locutus.csproj", "{E6AA1A21-8674-45DF-9959-DE3B71E991F6}"
EndProject
Global
	GlobalSection(TeamFoundationVersionControl) = preSolution
		SccNumberOfProjects = 2
		SccEnterpriseProvider = {4CA58AB2-18FA-4F8D-95D4-32DDF27D184C}
		SccTeamFoundationServer = http://fydc.hitchcock.org:8080/tfs/collective
		SccLocalPath0 = .
		SccProjectUniqueName1 = Locutus\\Locutus.csproj
		SccProjectName1 = Locutus
		SccLocalPath1 = Locutus
	EndGlobalSection
	GlobalSection(SolutionConfigurationPlatforms) = preSolution
		Debug|Any CPU = Debug|Any CPU
		Release|Any CPU = Release|Any CPU
	EndGlobalSection
	GlobalSection(ProjectConfigurationPlatforms) = postSolution
		{E6AA1A21-8674-45DF-9959-DE3B71E991F6}.Debug|Any CPU.ActiveCfg = Debug|Any CPU
		{E6AA1A21-8674-45DF-9959-DE3B71E991F6}.Debug|Any CPU.Build.0 = Debug|Any CPU
		{E6AA1A21-8674-45DF-9959-DE3B71E991F6}.Release|Any CPU.ActiveCfg = Release|Any CPU
		{E6AA1A21-8674-45DF-9959-DE3B71E991F6}.Release|Any CPU.Build.0 = Release|Any CPU
	EndGlobalSection
	GlobalSection(SolutionProperties) = preSolution
		HideSolutionNode = FALSE
	EndGlobalSection
EndGlobal
